
Microsoft Visual Studio Solution File, Format Version 12.00
# Visual Studio 14
VisualStudioVersion = 14.0.25420.1
MinimumVisualStudioVersion = 10.0.40219.1
Project("{FAE04EC0-301F-11D3-BF4B-00C04F79EFBC}") = "DentrixPlugin.UI", "DentrixPlugin.UI\DentrixPlugin.UI.csproj", "{2A3F38EB-1C8E-4EBF-A2A4-D1D7839B0875}"
EndProject
Project("{FAE04EC0-301F-11D3-BF4B-00C04F79EFBC}") = "DentrixPlugin.Api", "DentrixPlugin.Api\DentrixPlugin.Api.csproj", "{5AD8EBA3-CE26-4343-8BA4-EE832EA839BD}"
EndProject
Project("{2150E333-8FDC-42A3-9474-1A3956D46DE8}") = "Build", "Build", "{AF2FB239-2E20-4237-B1EF-AEB698EE5D92}"
	ProjectSection(SolutionItems) = preProject
		Build\Certificate.pfx = Build\Certificate.pfx
		Build\mssign32.dll = Build\mssign32.dll
		Build\signtool.exe = Build\signtool.exe
	EndProjectSection
EndProject
Project("{6141683F-8A12-4E36-9623-2EB02B2C2303}") = "DentrixPlugin.Setup", "DentrixPlugin.Setup\DentrixPlugin.Setup.isproj", "{B6CA22A0-CCD0-4B00-9C7F-1EB157296C99}"
EndProject
Global
	GlobalSection(SolutionConfigurationPlatforms) = preSolution
		CD_ROM|Any CPU = CD_ROM|Any CPU
		CD_ROM|x86 = CD_ROM|x86
		Debug|Any CPU = Debug|Any CPU
		Debug|x86 = Debug|x86
		DVD-5|Any CPU = DVD-5|Any CPU
		DVD-5|x86 = DVD-5|x86
		Release|Any CPU = Release|Any CPU
		Release|x86 = Release|x86
		SingleImage|Any CPU = SingleImage|Any CPU
		SingleImage|x86 = SingleImage|x86
	EndGlobalSection
	GlobalSection(ProjectConfigurationPlatforms) = postSolution
		{2A3F38EB-1C8E-4EBF-A2A4-D1D7839B0875}.CD_ROM|Any CPU.ActiveCfg = Release|Any CPU
		{2A3F38EB-1C8E-4EBF-A2A4-D1D7839B0875}.CD_ROM|Any CPU.Build.0 = Release|Any CPU
		{2A3F38EB-1C8E-4EBF-A2A4-D1D7839B0875}.CD_ROM|x86.ActiveCfg = Release|Any CPU
		{2A3F38EB-1C8E-4EBF-A2A4-D1D7839B0875}.CD_ROM|x86.Build.0 = Release|Any CPU
		{2A3F38EB-1C8E-4EBF-A2A4-D1D7839B0875}.Debug|Any CPU.ActiveCfg = Debug|Any CPU
		{2A3F38EB-1C8E-4EBF-A2A4-D1D7839B0875}.Debug|Any CPU.Build.0 = Debug|Any CPU
		{2A3F38EB-1C8E-4EBF-A2A4-D1D7839B0875}.Debug|x86.ActiveCfg = Debug|Any CPU
		{2A3F38EB-1C8E-4EBF-A2A4-D1D7839B0875}.Debug|x86.Build.0 = Debug|Any CPU
		{2A3F38EB-1C8E-4EBF-A2A4-D1D7839B0875}.DVD-5|Any CPU.ActiveCfg = Debug|Any CPU
		{2A3F38EB-1C8E-4EBF-A2A4-D1D7839B0875}.DVD-5|Any CPU.Build.0 = Debug|Any CPU
		{2A3F38EB-1C8E-4EBF-A2A4-D1D7839B0875}.DVD-5|x86.ActiveCfg = Debug|Any CPU
		{2A3F38EB-1C8E-4EBF-A2A4-D1D7839B0875}.DVD-5|x86.Build.0 = Debug|Any CPU
		{2A3F38EB-1C8E-4EBF-A2A4-D1D7839B0875}.Release|Any CPU.ActiveCfg = Release|Any CPU
		{2A3F38EB-1C8E-4EBF-A2A4-D1D7839B0875}.Release|Any CPU.Build.0 = Release|Any CPU
		{2A3F38EB-1C8E-4EBF-A2A4-D1D7839B0875}.Release|x86.ActiveCfg = Release|Any CPU
		{2A3F38EB-1C8E-4EBF-A2A4-D1D7839B0875}.Release|x86.Build.0 = Release|Any CPU
		{2A3F38EB-1C8E-4EBF-A2A4-D1D7839B0875}.SingleImage|Any CPU.ActiveCfg = Release|Any CPU
		{2A3F38EB-1C8E-4EBF-A2A4-D1D7839B0875}.SingleImage|Any CPU.Build.0 = Release|Any CPU
		{2A3F38EB-1C8E-4EBF-A2A4-D1D7839B0875}.SingleImage|x86.ActiveCfg = Release|Any CPU
		{2A3F38EB-1C8E-4EBF-A2A4-D1D7839B0875}.SingleImage|x86.Build.0 = Release|Any CPU
		{5AD8EBA3-CE26-4343-8BA4-EE832EA839BD}.CD_ROM|Any CPU.ActiveCfg = Release|Any CPU
		{5AD8EBA3-CE26-4343-8BA4-EE832EA839BD}.CD_ROM|Any CPU.Build.0 = Release|Any CPU
		{5AD8EBA3-CE26-4343-8BA4-EE832EA839BD}.CD_ROM|x86.ActiveCfg = Release|Any CPU
		{5AD8EBA3-CE26-4343-8BA4-EE832EA839BD}.CD_ROM|x86.Build.0 = Release|Any CPU
		{5AD8EBA3-CE26-4343-8BA4-EE832EA839BD}.Debug|Any CPU.ActiveCfg = Debug|Any CPU
		{5AD8EBA3-CE26-4343-8BA4-EE832EA839BD}.Debug|Any CPU.Build.0 = Debug|Any CPU
		{5AD8EBA3-CE26-4343-8BA4-EE832EA839BD}.Debug|x86.ActiveCfg = Debug|Any CPU
		{5AD8EBA3-CE26-4343-8BA4-EE832EA839BD}.Debug|x86.Build.0 = Debug|Any CPU
		{5AD8EBA3-CE26-4343-8BA4-EE832EA839BD}.DVD-5|Any CPU.ActiveCfg = Debug|Any CPU
		{5AD8EBA3-CE26-4343-8BA4-EE832EA839BD}.DVD-5|Any CPU.Build.0 = Debug|Any CPU
		{5AD8EBA3-CE26-4343-8BA4-EE832EA839BD}.DVD-5|x86.ActiveCfg = Debug|Any CPU
		{5AD8EBA3-CE26-4343-8BA4-EE832EA839BD}.DVD-5|x86.Build.0 = Debug|Any CPU
		{5AD8EBA3-CE26-4343-8BA4-EE832EA839BD}.Release|Any CPU.ActiveCfg = Release|Any CPU
		{5AD8EBA3-CE26-4343-8BA4-EE832EA839BD}.Release|Any CPU.Build.0 = Release|Any CPU
		{5AD8EBA3-CE26-4343-8BA4-EE832EA839BD}.Release|x86.ActiveCfg = Release|Any CPU
		{5AD8EBA3-CE26-4343-8BA4-EE832EA839BD}.Release|x86.Build.0 = Release|Any CPU
		{5AD8EBA3-CE26-4343-8BA4-EE832EA839BD}.SingleImage|Any CPU.ActiveCfg = Release|Any CPU
		{5AD8EBA3-CE26-4343-8BA4-EE832EA839BD}.SingleImage|Any CPU.Build.0 = Release|Any CPU
		{5AD8EBA3-CE26-4343-8BA4-EE832EA839BD}.SingleImage|x86.ActiveCfg = Release|Any CPU
		{5AD8EBA3-CE26-4343-8BA4-EE832EA839BD}.SingleImage|x86.Build.0 = Release|Any CPU
		{B6CA22A0-CCD0-4B00-9C7F-1EB157296C99}.CD_ROM|Any CPU.ActiveCfg = CD_ROM
		{B6CA22A0-CCD0-4B00-9C7F-1EB157296C99}.CD_ROM|Any CPU.Build.0 = CD_ROM
		{B6CA22A0-CCD0-4B00-9C7F-1EB157296C99}.CD_ROM|x86.ActiveCfg = CD_ROM
		{B6CA22A0-CCD0-4B00-9C7F-1EB157296C99}.CD_ROM|x86.Build.0 = CD_ROM
		{B6CA22A0-CCD0-4B00-9C7F-1EB157296C99}.Debug|Any CPU.ActiveCfg = DVD-5
		{B6CA22A0-CCD0-4B00-9C7F-1EB157296C99}.Debug|Any CPU.Build.0 = DVD-5
		{B6CA22A0-CCD0-4B00-9C7F-1EB157296C99}.Debug|x86.ActiveCfg = DVD-5
		{B6CA22A0-CCD0-4B00-9C7F-1EB157296C99}.Debug|x86.Build.0 = DVD-5
		{B6CA22A0-CCD0-4B00-9C7F-1EB157296C99}.DVD-5|Any CPU.ActiveCfg = DVD-5
		{B6CA22A0-CCD0-4B00-9C7F-1EB157296C99}.DVD-5|Any CPU.Build.0 = DVD-5
		{B6CA22A0-CCD0-4B00-9C7F-1EB157296C99}.DVD-5|x86.ActiveCfg = DVD-5
		{B6CA22A0-CCD0-4B00-9C7F-1EB157296C99}.DVD-5|x86.Build.0 = DVD-5
		{B6CA22A0-CCD0-4B00-9C7F-1EB157296C99}.Release|Any CPU.ActiveCfg = SingleImage
		{B6CA22A0-CCD0-4B00-9C7F-1EB157296C99}.Release|Any CPU.Build.0 = SingleImage
		{B6CA22A0-CCD0-4B00-9C7F-1EB157296C99}.Release|x86.ActiveCfg = SingleImage
		{B6CA22A0-CCD0-4B00-9C7F-1EB157296C99}.Release|x86.Build.0 = SingleImage
		{B6CA22A0-CCD0-4B00-9C7F-1EB157296C99}.SingleImage|Any CPU.ActiveCfg = SingleImage
		{B6CA22A0-CCD0-4B00-9C7F-1EB157296C99}.SingleImage|Any CPU.Build.0 = SingleImage
		{B6CA22A0-CCD0-4B00-9C7F-1EB157296C99}.SingleImage|x86.ActiveCfg = SingleImage
		{B6CA22A0-CCD0-4B00-9C7F-1EB157296C99}.SingleImage|x86.Build.0 = SingleImage
	EndGlobalSection
	GlobalSection(SolutionProperties) = preSolution
		HideSolutionNode = FALSE
	EndGlobalSection
EndGlobal
